
Microsoft Visual Studio Solution File, Format Version 12.00
# Visual Studio 14
VisualStudioVersion = 14.0.25420.1
MinimumVisualStudioVersion = 10.0.40219.1
Project("{2150E333-8FDC-42A3-9474-1A3956D46DE8}") = "src", "src", "{4EEFB75D-4CF4-43F3-AFB0-2A0904E57B07}"
EndProject
Project("{2150E333-8FDC-42A3-9474-1A3956D46DE8}") = "Solution Items", "Solution Items", "{DE65B070-CA47-4B5D-9DA8-BC80C98004C6}"
	ProjectSection(SolutionItems) = preProject
		global.json = global.json
	EndProjectSection
EndProject
Project("{8BB2217D-0F2D-49D1-97BC-3654ED321F3B}") = "QualityBags", "src\QualityBags\QualityBags.xproj", "{E116AFBC-8793-478B-862B-8F6195F96E37}"
EndProject
Global
	GlobalSection(SolutionConfigurationPlatforms) = preSolution
		Debug|Any CPU = Debug|Any CPU
		Release|Any CPU = Release|Any CPU
	EndGlobalSection
	GlobalSection(ProjectConfigurationPlatforms) = postSolution
		{E116AFBC-8793-478B-862B-8F6195F96E37}.Debug|Any CPU.ActiveCfg = Debug|Any CPU
		{E116AFBC-8793-478B-862B-8F6195F96E37}.Debug|Any CPU.Build.0 = Debug|Any CPU
		{E116AFBC-8793-478B-862B-8F6195F96E37}.Release|Any CPU.ActiveCfg = Release|Any CPU
		{E116AFBC-8793-478B-862B-8F6195F96E37}.Release|Any CPU.Build.0 = Release|Any CPU
	EndGlobalSection
	GlobalSection(SolutionProperties) = preSolution
		HideSolutionNode = FALSE
	EndGlobalSection
	GlobalSection(NestedProjects) = preSolution
		{E116AFBC-8793-478B-862B-8F6195F96E37} = {4EEFB75D-4CF4-43F3-AFB0-2A0904E57B07}
	EndGlobalSection
EndGlobal
